
Microsoft Visual Studio Solution File, Format Version 12.00
# Visual Studio Version 17
VisualStudioVersion = 17.11.35219.272
MinimumVisualStudioVersion = 10.0.40219.1
Project("{9A19103F-16F7-4668-BE54-9A1E7A4F7556}") = "CentralPasajes", "CentralPasajes\CentralPasajes.csproj", "{7A72130F-E003-4E0E-9ED0-4BF28B47003B}"
EndProject
Project("{9A19103F-16F7-4668-BE54-9A1E7A4F7556}") = "Crypto", "Crypto\Crypto.csproj", "{BBFB9FB5-DDC7-42BB-92F5-963DFBBF9E06}"
EndProject
Project("{2150E333-8FDC-42A3-9474-1A3956D46DE8}") = "Elementos de la solución", "Elementos de la solución", "{44FDFD0B-2710-45D4-A415-F6EF767CC723}"
	ProjectSection(SolutionItems) = preProject
		.gitignore = .gitignore
	EndProjectSection
EndProject
Global
	GlobalSection(SolutionConfigurationPlatforms) = preSolution
		Debug|Any CPU = Debug|Any CPU
		Release|Any CPU = Release|Any CPU
	EndGlobalSection
	GlobalSection(ProjectConfigurationPlatforms) = postSolution
		{7A72130F-E003-4E0E-9ED0-4BF28B47003B}.Debug|Any CPU.ActiveCfg = Debug|Any CPU
		{7A72130F-E003-4E0E-9ED0-4BF28B47003B}.Debug|Any CPU.Build.0 = Debug|Any CPU
		{7A72130F-E003-4E0E-9ED0-4BF28B47003B}.Release|Any CPU.ActiveCfg = Release|Any CPU
		{7A72130F-E003-4E0E-9ED0-4BF28B47003B}.Release|Any CPU.Build.0 = Release|Any CPU
		{BBFB9FB5-DDC7-42BB-92F5-963DFBBF9E06}.Debug|Any CPU.ActiveCfg = Debug|Any CPU
		{BBFB9FB5-DDC7-42BB-92F5-963DFBBF9E06}.Debug|Any CPU.Build.0 = Debug|Any CPU
		{BBFB9FB5-DDC7-42BB-92F5-963DFBBF9E06}.Release|Any CPU.ActiveCfg = Release|Any CPU
		{BBFB9FB5-DDC7-42BB-92F5-963DFBBF9E06}.Release|Any CPU.Build.0 = Release|Any CPU
	EndGlobalSection
	GlobalSection(SolutionProperties) = preSolution
		HideSolutionNode = FALSE
	EndGlobalSection
	GlobalSection(ExtensibilityGlobals) = postSolution
		SolutionGuid = {818E04E5-C96E-48F0-9426-820CAB324D2B}
	EndGlobalSection
EndGlobal
